// !$*UTF8*$!
{
	archiveVersion = 1;
	classes = {
	};
	objectVersion = 51;
	objects = {

/* Begin PBXBuildFile section */
		5DF652D5B055098AC52A9404 /* Pods_Kavindu_COBSCCOMP18P_023_Kavindu_COBSCCOMP18P_023UITests.framework in Frameworks */ = {isa = PBXBuildFile; fileRef = 91B778B9D4D582A638879C97 /* Pods_Kavindu_COBSCCOMP18P_023_Kavindu_COBSCCOMP18P_023UITests.framework */; };
		E0EADD5EEEBE0F12AF852E37 /* Pods_Kavindu_COBSCCOMP18P_023Tests.framework in Frameworks */ = {isa = PBXBuildFile; fileRef = 73F03FB584F9CD70326C441E /* Pods_Kavindu_COBSCCOMP18P_023Tests.framework */; };
		F4B1955023E9D22600D75DB9 /* Login.storyboard in Resources */ = {isa = PBXBuildFile; fileRef = F4B1954F23E9D22600D75DB9 /* Login.storyboard */; };
		F4B1955423E9D2AF00D75DB9 /* National_Institute_of_Business_Management_Logo.png in Resources */ = {isa = PBXBuildFile; fileRef = F4B1955323E9D2AF00D75DB9 /* National_Institute_of_Business_Management_Logo.png */; };
		F4B1955A23E9D83700D75DB9 /* LoginController.swift in Sources */ = {isa = PBXBuildFile; fileRef = F4B1955923E9D83700D75DB9 /* LoginController.swift */; };
		F4B1955C23E9E0B200D75DB9 /* GoogleService-Info.plist in Resources */ = {isa = PBXBuildFile; fileRef = F4B1955B23E9E0B200D75DB9 /* GoogleService-Info.plist */; };
		F4B1955E23E9EE2100D75DB9 /* SignUpController.swift in Sources */ = {isa = PBXBuildFile; fileRef = F4B1955D23E9EE2100D75DB9 /* SignUpController.swift */; };
		F4B1956023E9FC9300D75DB9 /* MainTabController.swift in Sources */ = {isa = PBXBuildFile; fileRef = F4B1955F23E9FC9300D75DB9 /* MainTabController.swift */; };
		F4B1956323EBB4D800D75DB9 /* HomeViewController.swift in Sources */ = {isa = PBXBuildFile; fileRef = F4B1956223EBB4D800D75DB9 /* HomeViewController.swift */; };
		F4B1956523EBB4EB00D75DB9 /* ProfileViewController.swift in Sources */ = {isa = PBXBuildFile; fileRef = F4B1956423EBB4EB00D75DB9 /* ProfileViewController.swift */; };
		F4B1956723EBB4F900D75DB9 /* AddEventViewController.swift in Sources */ = {isa = PBXBuildFile; fileRef = F4B1956623EBB4F900D75DB9 /* AddEventViewController.swift */; };
		F4B1956A23EBDF1A00D75DB9 /* home-run.png in Resources */ = {isa = PBXBuildFile; fileRef = F4B1956923EBDF1A00D75DB9 /* home-run.png */; };
		F4B1956D23EBE04800D75DB9 /* plus.png in Resources */ = {isa = PBXBuildFile; fileRef = F4B1956B23EBE04800D75DB9 /* plus.png */; };
		F4B1956E23EBE04800D75DB9 /* user.png in Resources */ = {isa = PBXBuildFile; fileRef = F4B1956C23EBE04800D75DB9 /* user.png */; };
		F4B1957023EC09DC00D75DB9 /* AddEventDetailViewController.swift in Sources */ = {isa = PBXBuildFile; fileRef = F4B1956F23EC09DC00D75DB9 /* AddEventDetailViewController.swift */; };
		F4B1957323EC121300D75DB9 /* plusL.png in Resources */ = {isa = PBXBuildFile; fileRef = F4B1957223EC121200D75DB9 /* plusL.png */; };
		F4C7481523E96ED200345358 /* AppDelegate.swift in Sources */ = {isa = PBXBuildFile; fileRef = F4C7481423E96ED200345358 /* AppDelegate.swift */; };
		F4C7481723E96ED200345358 /* ViewController.swift in Sources */ = {isa = PBXBuildFile; fileRef = F4C7481623E96ED200345358 /* ViewController.swift */; };
		F4C7481A23E96ED200345358 /* Main.storyboard in Resources */ = {isa = PBXBuildFile; fileRef = F4C7481823E96ED200345358 /* Main.storyboard */; };
		F4C7481C23E96ED200345358 /* Assets.xcassets in Resources */ = {isa = PBXBuildFile; fileRef = F4C7481B23E96ED200345358 /* Assets.xcassets */; };
		F4C7481F23E96ED200345358 /* LaunchScreen.storyboard in Resources */ = {isa = PBXBuildFile; fileRef = F4C7481D23E96ED200345358 /* LaunchScreen.storyboard */; };
		F4C7482A23E96ED300345358 /* Kavindu_COBSCCOMP18P_023Tests.swift in Sources */ = {isa = PBXBuildFile; fileRef = F4C7482923E96ED300345358 /* Kavindu_COBSCCOMP18P_023Tests.swift */; };
		F4C7483523E96ED300345358 /* Kavindu_COBSCCOMP18P_023UITests.swift in Sources */ = {isa = PBXBuildFile; fileRef = F4C7483423E96ED300345358 /* Kavindu_COBSCCOMP18P_023UITests.swift */; };
		F4F686BA23EEB28D00A58307 /* Event.swift in Sources */ = {isa = PBXBuildFile; fileRef = F4F686B923EEB28D00A58307 /* Event.swift */; };
		F4F686BD23F0087400A58307 /* Alert.swift in Sources */ = {isa = PBXBuildFile; fileRef = F4F686BC23F0087400A58307 /* Alert.swift */; };
		F4F686BF23F00EC300A58307 /* User.swift in Sources */ = {isa = PBXBuildFile; fileRef = F4F686BE23F00EC300A58307 /* User.swift */; };
		F4F686C123F0348100A58307 /* Common.swift in Sources */ = {isa = PBXBuildFile; fileRef = F4F686C023F0348100A58307 /* Common.swift */; };
		F4F686C323F11E7F00A58307 /* back.png in Resources */ = {isa = PBXBuildFile; fileRef = F4F686C223F11E7E00A58307 /* back.png */; };
		FF20BF8F7D879007B6099280 /* Pods_Kavindu_COBSCCOMP18P_023.framework in Frameworks */ = {isa = PBXBuildFile; fileRef = 97ED74B95C74DD0E6AE03201 /* Pods_Kavindu_COBSCCOMP18P_023.framework */; };
/* End PBXBuildFile section */

/* Begin PBXContainerItemProxy section */
		F4C7482623E96ED300345358 /* PBXContainerItemProxy */ = {
			isa = PBXContainerItemProxy;
			containerPortal = F4C7480923E96ED200345358 /* Project object */;
			proxyType = 1;
			remoteGlobalIDString = F4C7481023E96ED200345358;
			remoteInfo = "Kavindu-COBSCCOMP18P-023";
		};
		F4C7483123E96ED300345358 /* PBXContainerItemProxy */ = {
			isa = PBXContainerItemProxy;
			containerPortal = F4C7480923E96ED200345358 /* Project object */;
			proxyType = 1;
			remoteGlobalIDString = F4C7481023E96ED200345358;
			remoteInfo = "Kavindu-COBSCCOMP18P-023";
		};
/* End PBXContainerItemProxy section */

/* Begin PBXFileReference section */
		0404677AAD057B455B880B96 /* Pods-Kavindu-COBSCCOMP18P-023-Kavindu-COBSCCOMP18P-023UITests.release.xcconfig */ = {isa = PBXFileReference; includeInIndex = 1; lastKnownFileType = text.xcconfig; name = "Pods-Kavindu-COBSCCOMP18P-023-Kavindu-COBSCCOMP18P-023UITests.release.xcconfig"; path = "Target Support Files/Pods-Kavindu-COBSCCOMP18P-023-Kavindu-COBSCCOMP18P-023UITests/Pods-Kavindu-COBSCCOMP18P-023-Kavindu-COBSCCOMP18P-023UITests.release.xcconfig"; sourceTree = "<group>"; };
		1ED941C760765FA8DBAA2C40 /* Pods-Kavindu-COBSCCOMP18P-023.release.xcconfig */ = {isa = PBXFileReference; includeInIndex = 1; lastKnownFileType = text.xcconfig; name = "Pods-Kavindu-COBSCCOMP18P-023.release.xcconfig"; path = "Target Support Files/Pods-Kavindu-COBSCCOMP18P-023/Pods-Kavindu-COBSCCOMP18P-023.release.xcconfig"; sourceTree = "<group>"; };
		73F03FB584F9CD70326C441E /* Pods_Kavindu_COBSCCOMP18P_023Tests.framework */ = {isa = PBXFileReference; explicitFileType = wrapper.framework; includeInIndex = 0; path = Pods_Kavindu_COBSCCOMP18P_023Tests.framework; sourceTree = BUILT_PRODUCTS_DIR; };
		91B778B9D4D582A638879C97 /* Pods_Kavindu_COBSCCOMP18P_023_Kavindu_COBSCCOMP18P_023UITests.framework */ = {isa = PBXFileReference; explicitFileType = wrapper.framework; includeInIndex = 0; path = Pods_Kavindu_COBSCCOMP18P_023_Kavindu_COBSCCOMP18P_023UITests.framework; sourceTree = BUILT_PRODUCTS_DIR; };
		97ED74B95C74DD0E6AE03201 /* Pods_Kavindu_COBSCCOMP18P_023.framework */ = {isa = PBXFileReference; explicitFileType = wrapper.framework; includeInIndex = 0; path = Pods_Kavindu_COBSCCOMP18P_023.framework; sourceTree = BUILT_PRODUCTS_DIR; };
		C6BA4198ED06D4727CB72E7A /* Pods-Kavindu-COBSCCOMP18P-023Tests.release.xcconfig */ = {isa = PBXFileReference; includeInIndex = 1; lastKnownFileType = text.xcconfig; name = "Pods-Kavindu-COBSCCOMP18P-023Tests.release.xcconfig"; path = "Target Support Files/Pods-Kavindu-COBSCCOMP18P-023Tests/Pods-Kavindu-COBSCCOMP18P-023Tests.release.xcconfig"; sourceTree = "<group>"; };
		E0E8D65F38BBE880CAB496CB /* Pods-Kavindu-COBSCCOMP18P-023.debug.xcconfig */ = {isa = PBXFileReference; includeInIndex = 1; lastKnownFileType = text.xcconfig; name = "Pods-Kavindu-COBSCCOMP18P-023.debug.xcconfig"; path = "Target Support Files/Pods-Kavindu-COBSCCOMP18P-023/Pods-Kavindu-COBSCCOMP18P-023.debug.xcconfig"; sourceTree = "<group>"; };
		F4B1954F23E9D22600D75DB9 /* Login.storyboard */ = {isa = PBXFileReference; fileEncoding = 4; lastKnownFileType = file.storyboard; path = Login.storyboard; sourceTree = "<group>"; };
		F4B1955323E9D2AF00D75DB9 /* National_Institute_of_Business_Management_Logo.png */ = {isa = PBXFileReference; lastKnownFileType = image.png; name = National_Institute_of_Business_Management_Logo.png; path = ../../../../../../Downloads/National_Institute_of_Business_Management_Logo.png; sourceTree = "<group>"; };
		F4B1955923E9D83700D75DB9 /* LoginController.swift */ = {isa = PBXFileReference; fileEncoding = 4; lastKnownFileType = sourcecode.swift; path = LoginController.swift; sourceTree = "<group>"; };
		F4B1955B23E9E0B200D75DB9 /* GoogleService-Info.plist */ = {isa = PBXFileReference; fileEncoding = 4; lastKnownFileType = text.plist.xml; name = "GoogleService-Info.plist"; path = "../GoogleService-Info.plist"; sourceTree = "<group>"; };
		F4B1955D23E9EE2100D75DB9 /* SignUpController.swift */ = {isa = PBXFileReference; lastKnownFileType = sourcecode.swift; path = SignUpController.swift; sourceTree = "<group>"; };
		F4B1955F23E9FC9300D75DB9 /* MainTabController.swift */ = {isa = PBXFileReference; lastKnownFileType = sourcecode.swift; path = MainTabController.swift; sourceTree = "<group>"; };
		F4B1956223EBB4D800D75DB9 /* HomeViewController.swift */ = {isa = PBXFileReference; lastKnownFileType = sourcecode.swift; path = HomeViewController.swift; sourceTree = "<group>"; };
		F4B1956423EBB4EB00D75DB9 /* ProfileViewController.swift */ = {isa = PBXFileReference; lastKnownFileType = sourcecode.swift; path = ProfileViewController.swift; sourceTree = "<group>"; };
		F4B1956623EBB4F900D75DB9 /* AddEventViewController.swift */ = {isa = PBXFileReference; lastKnownFileType = sourcecode.swift; path = AddEventViewController.swift; sourceTree = "<group>"; };
		F4B1956923EBDF1A00D75DB9 /* home-run.png */ = {isa = PBXFileReference; lastKnownFileType = image.png; path = "home-run.png"; sourceTree = "<group>"; };
		F4B1956B23EBE04800D75DB9 /* plus.png */ = {isa = PBXFileReference; lastKnownFileType = image.png; path = plus.png; sourceTree = "<group>"; };
		F4B1956C23EBE04800D75DB9 /* user.png */ = {isa = PBXFileReference; lastKnownFileType = image.png; path = user.png; sourceTree = "<group>"; };
		F4B1956F23EC09DC00D75DB9 /* AddEventDetailViewController.swift */ = {isa = PBXFileReference; lastKnownFileType = sourcecode.swift; path = AddEventDetailViewController.swift; sourceTree = "<group>"; };
		F4B1957223EC121200D75DB9 /* plusL.png */ = {isa = PBXFileReference; lastKnownFileType = image.png; path = plusL.png; sourceTree = "<group>"; };
		F4C7481123E96ED200345358 /* Kavindu-COBSCCOMP18P-023.app */ = {isa = PBXFileReference; explicitFileType = wrapper.application; includeInIndex = 0; path = "Kavindu-COBSCCOMP18P-023.app"; sourceTree = BUILT_PRODUCTS_DIR; };
		F4C7481423E96ED200345358 /* AppDelegate.swift */ = {isa = PBXFileReference; lastKnownFileType = sourcecode.swift; path = AppDelegate.swift; sourceTree = "<group>"; };
		F4C7481623E96ED200345358 /* ViewController.swift */ = {isa = PBXFileReference; lastKnownFileType = sourcecode.swift; path = ViewController.swift; sourceTree = "<group>"; };
		F4C7481923E96ED200345358 /* Base */ = {isa = PBXFileReference; lastKnownFileType = file.storyboard; name = Base; path = Base.lproj/Main.storyboard; sourceTree = "<group>"; };
		F4C7481B23E96ED200345358 /* Assets.xcassets */ = {isa = PBXFileReference; lastKnownFileType = folder.assetcatalog; path = Assets.xcassets; sourceTree = "<group>"; };
		F4C7481E23E96ED200345358 /* Base */ = {isa = PBXFileReference; lastKnownFileType = file.storyboard; name = Base; path = Base.lproj/LaunchScreen.storyboard; sourceTree = "<group>"; };
		F4C7482023E96ED200345358 /* Info.plist */ = {isa = PBXFileReference; lastKnownFileType = text.plist.xml; path = Info.plist; sourceTree = "<group>"; };
		F4C7482523E96ED300345358 /* Kavindu-COBSCCOMP18P-023Tests.xctest */ = {isa = PBXFileReference; explicitFileType = wrapper.cfbundle; includeInIndex = 0; path = "Kavindu-COBSCCOMP18P-023Tests.xctest"; sourceTree = BUILT_PRODUCTS_DIR; };
		F4C7482923E96ED300345358 /* Kavindu_COBSCCOMP18P_023Tests.swift */ = {isa = PBXFileReference; lastKnownFileType = sourcecode.swift; path = Kavindu_COBSCCOMP18P_023Tests.swift; sourceTree = "<group>"; };
		F4C7482B23E96ED300345358 /* Info.plist */ = {isa = PBXFileReference; lastKnownFileType = text.plist.xml; path = Info.plist; sourceTree = "<group>"; };
		F4C7483023E96ED300345358 /* Kavindu-COBSCCOMP18P-023UITests.xctest */ = {isa = PBXFileReference; explicitFileType = wrapper.cfbundle; includeInIndex = 0; path = "Kavindu-COBSCCOMP18P-023UITests.xctest"; sourceTree = BUILT_PRODUCTS_DIR; };
		F4C7483423E96ED300345358 /* Kavindu_COBSCCOMP18P_023UITests.swift */ = {isa = PBXFileReference; lastKnownFileType = sourcecode.swift; path = Kavindu_COBSCCOMP18P_023UITests.swift; sourceTree = "<group>"; };
		F4C7483623E96ED300345358 /* Info.plist */ = {isa = PBXFileReference; lastKnownFileType = text.plist.xml; path = Info.plist; sourceTree = "<group>"; };
		F4F686B923EEB28D00A58307 /* Event.swift */ = {isa = PBXFileReference; lastKnownFileType = sourcecode.swift; path = Event.swift; sourceTree = "<group>"; };
		F4F686BC23F0087400A58307 /* Alert.swift */ = {isa = PBXFileReference; lastKnownFileType = sourcecode.swift; path = Alert.swift; sourceTree = "<group>"; };
		F4F686BE23F00EC300A58307 /* User.swift */ = {isa = PBXFileReference; lastKnownFileType = sourcecode.swift; path = User.swift; sourceTree = "<group>"; };
		F4F686C023F0348100A58307 /* Common.swift */ = {isa = PBXFileReference; lastKnownFileType = sourcecode.swift; path = Common.swift; sourceTree = "<group>"; };
		F4F686C223F11E7E00A58307 /* back.png */ = {isa = PBXFileReference; lastKnownFileType = image.png; name = back.png; path = ../../../../../Downloads/back.png; sourceTree = "<group>"; };
		F999BD5A0DAB52A629B19236 /* Pods-Kavindu-COBSCCOMP18P-023Tests.debug.xcconfig */ = {isa = PBXFileReference; includeInIndex = 1; lastKnownFileType = text.xcconfig; name = "Pods-Kavindu-COBSCCOMP18P-023Tests.debug.xcconfig"; path = "Target Support Files/Pods-Kavindu-COBSCCOMP18P-023Tests/Pods-Kavindu-COBSCCOMP18P-023Tests.debug.xcconfig"; sourceTree = "<group>"; };
		FA31FB2BFA4B4BD607D13AF9 /* Pods-Kavindu-COBSCCOMP18P-023-Kavindu-COBSCCOMP18P-023UITests.debug.xcconfig */ = {isa = PBXFileReference; includeInIndex = 1; lastKnownFileType = text.xcconfig; name = "Pods-Kavindu-COBSCCOMP18P-023-Kavindu-COBSCCOMP18P-023UITests.debug.xcconfig"; path = "Target Support Files/Pods-Kavindu-COBSCCOMP18P-023-Kavindu-COBSCCOMP18P-023UITests/Pods-Kavindu-COBSCCOMP18P-023-Kavindu-COBSCCOMP18P-023UITests.debug.xcconfig"; sourceTree = "<group>"; };
/* End PBXFileReference section */

/* Begin PBXFrameworksBuildPhase section */
		F4C7480E23E96ED200345358 /* Frameworks */ = {
			isa = PBXFrameworksBuildPhase;
			buildActionMask = 2147483647;
			files = (
				FF20BF8F7D879007B6099280 /* Pods_Kavindu_COBSCCOMP18P_023.framework in Frameworks */,
			);
			runOnlyForDeploymentPostprocessing = 0;
		};
		F4C7482223E96ED300345358 /* Frameworks */ = {
			isa = PBXFrameworksBuildPhase;
			buildActionMask = 2147483647;
			files = (
				E0EADD5EEEBE0F12AF852E37 /* Pods_Kavindu_COBSCCOMP18P_023Tests.framework in Frameworks */,
			);
			runOnlyForDeploymentPostprocessing = 0;
		};
		F4C7482D23E96ED300345358 /* Frameworks */ = {
			isa = PBXFrameworksBuildPhase;
			buildActionMask = 2147483647;
			files = (
				5DF652D5B055098AC52A9404 /* Pods_Kavindu_COBSCCOMP18P_023_Kavindu_COBSCCOMP18P_023UITests.framework in Frameworks */,
			);
			runOnlyForDeploymentPostprocessing = 0;
		};
/* End PBXFrameworksBuildPhase section */

/* Begin PBXGroup section */
		5CE7E7B5AD270B09DA6F0CC0 /* Frameworks */ = {
			isa = PBXGroup;
			children = (
				97ED74B95C74DD0E6AE03201 /* Pods_Kavindu_COBSCCOMP18P_023.framework */,
				91B778B9D4D582A638879C97 /* Pods_Kavindu_COBSCCOMP18P_023_Kavindu_COBSCCOMP18P_023UITests.framework */,
				73F03FB584F9CD70326C441E /* Pods_Kavindu_COBSCCOMP18P_023Tests.framework */,
			);
			name = Frameworks;
			sourceTree = "<group>";
		};
		68266DAFAFE5F6251893BC28 /* Pods */ = {
			isa = PBXGroup;
			children = (
				E0E8D65F38BBE880CAB496CB /* Pods-Kavindu-COBSCCOMP18P-023.debug.xcconfig */,
				1ED941C760765FA8DBAA2C40 /* Pods-Kavindu-COBSCCOMP18P-023.release.xcconfig */,
				FA31FB2BFA4B4BD607D13AF9 /* Pods-Kavindu-COBSCCOMP18P-023-Kavindu-COBSCCOMP18P-023UITests.debug.xcconfig */,
				0404677AAD057B455B880B96 /* Pods-Kavindu-COBSCCOMP18P-023-Kavindu-COBSCCOMP18P-023UITests.release.xcconfig */,
				F999BD5A0DAB52A629B19236 /* Pods-Kavindu-COBSCCOMP18P-023Tests.debug.xcconfig */,
				C6BA4198ED06D4727CB72E7A /* Pods-Kavindu-COBSCCOMP18P-023Tests.release.xcconfig */,
			);
			path = Pods;
			sourceTree = "<group>";
		};
		F4B1951A23E9CF0600D75DB9 /* StoryBords */ = {
			isa = PBXGroup;
			children = (
				F4B1954F23E9D22600D75DB9 /* Login.storyboard */,
				F4C7481823E96ED200345358 /* Main.storyboard */,
			);
			path = StoryBords;
			sourceTree = "<group>";
		};
		F4B1951B23E9CF3200D75DB9 /* ViewControllers */ = {
			isa = PBXGroup;
			children = (
				F4B1956123EBB45B00D75DB9 /* TabBarControllers */,
				F4B1955923E9D83700D75DB9 /* LoginController.swift */,
				F4C7481623E96ED200345358 /* ViewController.swift */,
				F4B1955D23E9EE2100D75DB9 /* SignUpController.swift */,
			);
			path = ViewControllers;
			sourceTree = "<group>";
		};
		F4B1955123E9D29E00D75DB9 /* Images */ = {
			isa = PBXGroup;
			children = (
				F4B1957123EC121200D75DB9 /* MainSB */,
				F4B1956823EBDF1A00D75DB9 /* TaBIcons */,
				F4B1955223E9D29E00D75DB9 /* loginSB */,
			);
			path = Images;
			sourceTree = SOURCE_ROOT;
		};
		F4B1955223E9D29E00D75DB9 /* loginSB */ = {
			isa = PBXGroup;
			children = (
				F4B1955323E9D2AF00D75DB9 /* National_Institute_of_Business_Management_Logo.png */,
			);
			path = loginSB;
			sourceTree = "<group>";
		};
		F4B1956123EBB45B00D75DB9 /* TabBarControllers */ = {
			isa = PBXGroup;
			children = (
				F4B1955F23E9FC9300D75DB9 /* MainTabController.swift */,
				F4B1956223EBB4D800D75DB9 /* HomeViewController.swift */,
				F4B1956423EBB4EB00D75DB9 /* ProfileViewController.swift */,
				F4B1956623EBB4F900D75DB9 /* AddEventViewController.swift */,
				F4B1956F23EC09DC00D75DB9 /* AddEventDetailViewController.swift */,
			);
			path = TabBarControllers;
			sourceTree = "<group>";
		};
		F4B1956823EBDF1A00D75DB9 /* TaBIcons */ = {
			isa = PBXGroup;
			children = (
				F4B1956B23EBE04800D75DB9 /* plus.png */,
				F4B1956C23EBE04800D75DB9 /* user.png */,
				F4B1956923EBDF1A00D75DB9 /* home-run.png */,
			);
			path = TaBIcons;
			sourceTree = "<group>";
		};
		F4B1957123EC121200D75DB9 /* MainSB */ = {
			isa = PBXGroup;
			children = (
				F4B1957223EC121200D75DB9 /* plusL.png */,
			);
			path = MainSB;
			sourceTree = "<group>";
		};
		F4C7480823E96ED200345358 = {
			isa = PBXGroup;
			children = (
				F4C7481323E96ED200345358 /* Kavindu-COBSCCOMP18P-023 */,
				F4C7482823E96ED300345358 /* Kavindu-COBSCCOMP18P-023Tests */,
				F4C7483323E96ED300345358 /* Kavindu-COBSCCOMP18P-023UITests */,
				F4C7481223E96ED200345358 /* Products */,
				68266DAFAFE5F6251893BC28 /* Pods */,
				5CE7E7B5AD270B09DA6F0CC0 /* Frameworks */,
			);
			sourceTree = "<group>";
		};
		F4C7481223E96ED200345358 /* Products */ = {
			isa = PBXGroup;
			children = (
				F4C7481123E96ED200345358 /* Kavindu-COBSCCOMP18P-023.app */,
				F4C7482523E96ED300345358 /* Kavindu-COBSCCOMP18P-023Tests.xctest */,
				F4C7483023E96ED300345358 /* Kavindu-COBSCCOMP18P-023UITests.xctest */,
			);
			name = Products;
			sourceTree = "<group>";
		};
		F4C7481323E96ED200345358 /* Kavindu-COBSCCOMP18P-023 */ = {
			isa = PBXGroup;
			children = (
				F4F686BB23F0084A00A58307 /* Helpers */,
				F4F686B823EEB26500A58307 /* Models */,
				F4B1955B23E9E0B200D75DB9 /* GoogleService-Info.plist */,
				F4B1955123E9D29E00D75DB9 /* Images */,
				F4B1951B23E9CF3200D75DB9 /* ViewControllers */,
				F4B1951A23E9CF0600D75DB9 /* StoryBords */,
				F4C7481423E96ED200345358 /* AppDelegate.swift */,
				F4C7481B23E96ED200345358 /* Assets.xcassets */,
				F4F686C223F11E7E00A58307 /* back.png */,
				F4C7481D23E96ED200345358 /* LaunchScreen.storyboard */,
				F4C7482023E96ED200345358 /* Info.plist */,
			);
			path = "Kavindu-COBSCCOMP18P-023";
			sourceTree = "<group>";
		};
		F4C7482823E96ED300345358 /* Kavindu-COBSCCOMP18P-023Tests */ = {
			isa = PBXGroup;
			children = (
				F4C7482923E96ED300345358 /* Kavindu_COBSCCOMP18P_023Tests.swift */,
				F4C7482B23E96ED300345358 /* Info.plist */,
			);
			path = "Kavindu-COBSCCOMP18P-023Tests";
			sourceTree = "<group>";
		};
		F4C7483323E96ED300345358 /* Kavindu-COBSCCOMP18P-023UITests */ = {
			isa = PBXGroup;
			children = (
				F4C7483423E96ED300345358 /* Kavindu_COBSCCOMP18P_023UITests.swift */,
				F4C7483623E96ED300345358 /* Info.plist */,
			);
			path = "Kavindu-COBSCCOMP18P-023UITests";
			sourceTree = "<group>";
		};
		F4F686B823EEB26500A58307 /* Models */ = {
			isa = PBXGroup;
			children = (
				F4F686B923EEB28D00A58307 /* Event.swift */,
				F4F686BE23F00EC300A58307 /* User.swift */,
			);
			path = Models;
			sourceTree = "<group>";
		};
		F4F686BB23F0084A00A58307 /* Helpers */ = {
			isa = PBXGroup;
			children = (
				F4F686BC23F0087400A58307 /* Alert.swift */,
				F4F686C023F0348100A58307 /* Common.swift */,
			);
			path = Helpers;
			sourceTree = "<group>";
		};
/* End PBXGroup section */

/* Begin PBXNativeTarget section */
		F4C7481023E96ED200345358 /* Kavindu-COBSCCOMP18P-023 */ = {
			isa = PBXNativeTarget;
			buildConfigurationList = F4C7483923E96ED300345358 /* Build configuration list for PBXNativeTarget "Kavindu-COBSCCOMP18P-023" */;
			buildPhases = (
				0E0918F5073A3B405DFB1A33 /* [CP] Check Pods Manifest.lock */,
				F4C7480D23E96ED200345358 /* Sources */,
				F4C7480E23E96ED200345358 /* Frameworks */,
				F4C7480F23E96ED200345358 /* Resources */,
				6B3A945C96509B91EA186DA7 /* [CP] Embed Pods Frameworks */,
			);
			buildRules = (
			);
			dependencies = (
			);
			name = "Kavindu-COBSCCOMP18P-023";
			productName = "Kavindu-COBSCCOMP18P-023";
			productReference = F4C7481123E96ED200345358 /* Kavindu-COBSCCOMP18P-023.app */;
			productType = "com.apple.product-type.application";
		};
		F4C7482423E96ED300345358 /* Kavindu-COBSCCOMP18P-023Tests */ = {
			isa = PBXNativeTarget;
			buildConfigurationList = F4C7483C23E96ED300345358 /* Build configuration list for PBXNativeTarget "Kavindu-COBSCCOMP18P-023Tests" */;
			buildPhases = (
				169B1EAFB512EE1A3E3B491E /* [CP] Check Pods Manifest.lock */,
				F4C7482123E96ED300345358 /* Sources */,
				F4C7482223E96ED300345358 /* Frameworks */,
				F4C7482323E96ED300345358 /* Resources */,
			);
			buildRules = (
			);
			dependencies = (
				F4C7482723E96ED300345358 /* PBXTargetDependency */,
			);
			name = "Kavindu-COBSCCOMP18P-023Tests";
			productName = "Kavindu-COBSCCOMP18P-023Tests";
			productReference = F4C7482523E96ED300345358 /* Kavindu-COBSCCOMP18P-023Tests.xctest */;
			productType = "com.apple.product-type.bundle.unit-test";
		};
		F4C7482F23E96ED300345358 /* Kavindu-COBSCCOMP18P-023UITests */ = {
			isa = PBXNativeTarget;
			buildConfigurationList = F4C7483F23E96ED300345358 /* Build configuration list for PBXNativeTarget "Kavindu-COBSCCOMP18P-023UITests" */;
			buildPhases = (
				2B7F7110380E3EC19E94EE44 /* [CP] Check Pods Manifest.lock */,
				F4C7482C23E96ED300345358 /* Sources */,
				F4C7482D23E96ED300345358 /* Frameworks */,
				F4C7482E23E96ED300345358 /* Resources */,
				0750A095C26BAF1F059560B2 /* [CP] Embed Pods Frameworks */,
			);
			buildRules = (
			);
			dependencies = (
				F4C7483223E96ED300345358 /* PBXTargetDependency */,
			);
			name = "Kavindu-COBSCCOMP18P-023UITests";
			productName = "Kavindu-COBSCCOMP18P-023UITests";
			productReference = F4C7483023E96ED300345358 /* Kavindu-COBSCCOMP18P-023UITests.xctest */;
			productType = "com.apple.product-type.bundle.ui-testing";
		};
/* End PBXNativeTarget section */

/* Begin PBXProject section */
		F4C7480923E96ED200345358 /* Project object */ = {
			isa = PBXProject;
			attributes = {
				LastSwiftUpdateCheck = 1030;
				LastUpgradeCheck = 1030;
				ORGANIZATIONNAME = "Kavindu Nimsara";
				TargetAttributes = {
					F4C7481023E96ED200345358 = {
						CreatedOnToolsVersion = 10.3;
					};
					F4C7482423E96ED300345358 = {
						CreatedOnToolsVersion = 10.3;
						TestTargetID = F4C7481023E96ED200345358;
					};
					F4C7482F23E96ED300345358 = {
						CreatedOnToolsVersion = 10.3;
						TestTargetID = F4C7481023E96ED200345358;
					};
				};
			};
			buildConfigurationList = F4C7480C23E96ED200345358 /* Build configuration list for PBXProject "Kavindu-COBSCCOMP18P-023" */;
			compatibilityVersion = "Xcode 9.3";
			developmentRegion = en;
			hasScannedForEncodings = 0;
			knownRegions = (
				en,
				Base,
			);
			mainGroup = F4C7480823E96ED200345358;
			productRefGroup = F4C7481223E96ED200345358 /* Products */;
			projectDirPath = "";
			projectRoot = "";
			targets = (
				F4C7481023E96ED200345358 /* Kavindu-COBSCCOMP18P-023 */,
				F4C7482423E96ED300345358 /* Kavindu-COBSCCOMP18P-023Tests */,
				F4C7482F23E96ED300345358 /* Kavindu-COBSCCOMP18P-023UITests */,
			);
		};
/* End PBXProject section */

/* Begin PBXResourcesBuildPhase section */
		F4C7480F23E96ED200345358 /* Resources */ = {
			isa = PBXResourcesBuildPhase;
			buildActionMask = 2147483647;
			files = (
				F4C7481F23E96ED200345358 /* LaunchScreen.storyboard in Resources */,
				F4B1955023E9D22600D75DB9 /* Login.storyboard in Resources */,
				F4B1957323EC121300D75DB9 /* plusL.png in Resources */,
				F4B1956E23EBE04800D75DB9 /* user.png in Resources */,
				F4B1955423E9D2AF00D75DB9 /* National_Institute_of_Business_Management_Logo.png in Resources */,
				F4C7481C23E96ED200345358 /* Assets.xcassets in Resources */,
				F4C7481A23E96ED200345358 /* Main.storyboard in Resources */,
				F4F686C323F11E7F00A58307 /* back.png in Resources */,
				F4B1955C23E9E0B200D75DB9 /* GoogleService-Info.plist in Resources */,
				F4B1956A23EBDF1A00D75DB9 /* home-run.png in Resources */,
				F4B1956D23EBE04800D75DB9 /* plus.png in Resources */,
			);
			runOnlyForDeploymentPostprocessing = 0;
		};
		F4C7482323E96ED300345358 /* Resources */ = {
			isa = PBXResourcesBuildPhase;
			buildActionMask = 2147483647;
			files = (
			);
			runOnlyForDeploymentPostprocessing = 0;
		};
		F4C7482E23E96ED300345358 /* Resources */ = {
			isa = PBXResourcesBuildPhase;
			buildActionMask = 2147483647;
			files = (
			);
			runOnlyForDeploymentPostprocessing = 0;
		};
/* End PBXResourcesBuildPhase section */

/* Begin PBXShellScriptBuildPhase section */
		0750A095C26BAF1F059560B2 /* [CP] Embed Pods Frameworks */ = {
			isa = PBXShellScriptBuildPhase;
			buildActionMask = 2147483647;
			files = (
			);
			inputFileListPaths = (
				"${PODS_ROOT}/Target Support Files/Pods-Kavindu-COBSCCOMP18P-023-Kavindu-COBSCCOMP18P-023UITests/Pods-Kavindu-COBSCCOMP18P-023-Kavindu-COBSCCOMP18P-023UITests-frameworks-${CONFIGURATION}-input-files.xcfilelist",
			);
			name = "[CP] Embed Pods Frameworks";
			outputFileListPaths = (
				"${PODS_ROOT}/Target Support Files/Pods-Kavindu-COBSCCOMP18P-023-Kavindu-COBSCCOMP18P-023UITests/Pods-Kavindu-COBSCCOMP18P-023-Kavindu-COBSCCOMP18P-023UITests-frameworks-${CONFIGURATION}-output-files.xcfilelist",
			);
			runOnlyForDeploymentPostprocessing = 0;
			shellPath = /bin/sh;
			shellScript = "\"${PODS_ROOT}/Target Support Files/Pods-Kavindu-COBSCCOMP18P-023-Kavindu-COBSCCOMP18P-023UITests/Pods-Kavindu-COBSCCOMP18P-023-Kavindu-COBSCCOMP18P-023UITests-frameworks.sh\"\n";
			showEnvVarsInLog = 0;
		};
		0E0918F5073A3B405DFB1A33 /* [CP] Check Pods Manifest.lock */ = {
			isa = PBXShellScriptBuildPhase;
			buildActionMask = 2147483647;
			files = (
			);
			inputFileListPaths = (
			);
			inputPaths = (
				"${PODS_PODFILE_DIR_PATH}/Podfile.lock",
				"${PODS_ROOT}/Manifest.lock",
			);
			name = "[CP] Check Pods Manifest.lock";
			outputFileListPaths = (
			);
			outputPaths = (
				"$(DERIVED_FILE_DIR)/Pods-Kavindu-COBSCCOMP18P-023-checkManifestLockResult.txt",
			);
			runOnlyForDeploymentPostprocessing = 0;
			shellPath = /bin/sh;
			shellScript = "diff \"${PODS_PODFILE_DIR_PATH}/Podfile.lock\" \"${PODS_ROOT}/Manifest.lock\" > /dev/null\nif [ $? != 0 ] ; then\n    # print error to STDERR\n    echo \"error: The sandbox is not in sync with the Podfile.lock. Run 'pod install' or update your CocoaPods installation.\" >&2\n    exit 1\nfi\n# This output is used by Xcode 'outputs' to avoid re-running this script phase.\necho \"SUCCESS\" > \"${SCRIPT_OUTPUT_FILE_0}\"\n";
			showEnvVarsInLog = 0;
		};
		169B1EAFB512EE1A3E3B491E /* [CP] Check Pods Manifest.lock */ = {
			isa = PBXShellScriptBuildPhase;
			buildActionMask = 2147483647;
			files = (
			);
			inputFileListPaths = (
			);
			inputPaths = (
				"${PODS_PODFILE_DIR_PATH}/Podfile.lock",
				"${PODS_ROOT}/Manifest.lock",
			);
			name = "[CP] Check Pods Manifest.lock";
			outputFileListPaths = (
			);
			outputPaths = (
				"$(DERIVED_FILE_DIR)/Pods-Kavindu-COBSCCOMP18P-023Tests-checkManifestLockResult.txt",
			);
			runOnlyForDeploymentPostprocessing = 0;
			shellPath = /bin/sh;
			shellScript = "diff \"${PODS_PODFILE_DIR_PATH}/Podfile.lock\" \"${PODS_ROOT}/Manifest.lock\" > /dev/null\nif [ $? != 0 ] ; then\n    # print error to STDERR\n    echo \"error: The sandbox is not in sync with the Podfile.lock. Run 'pod install' or update your CocoaPods installation.\" >&2\n    exit 1\nfi\n# This output is used by Xcode 'outputs' to avoid re-running this script phase.\necho \"SUCCESS\" > \"${SCRIPT_OUTPUT_FILE_0}\"\n";
			showEnvVarsInLog = 0;
		};
		2B7F7110380E3EC19E94EE44 /* [CP] Check Pods Manifest.lock */ = {
			isa = PBXShellScriptBuildPhase;
			buildActionMask = 2147483647;
			files = (
			);
			inputFileListPaths = (
			);
			inputPaths = (
				"${PODS_PODFILE_DIR_PATH}/Podfile.lock",
				"${PODS_ROOT}/Manifest.lock",
			);
			name = "[CP] Check Pods Manifest.lock";
			outputFileListPaths = (
			);
			outputPaths = (
				"$(DERIVED_FILE_DIR)/Pods-Kavindu-COBSCCOMP18P-023-Kavindu-COBSCCOMP18P-023UITests-checkManifestLockResult.txt",
			);
			runOnlyForDeploymentPostprocessing = 0;
			shellPath = /bin/sh;
			shellScript = "diff \"${PODS_PODFILE_DIR_PATH}/Podfile.lock\" \"${PODS_ROOT}/Manifest.lock\" > /dev/null\nif [ $? != 0 ] ; then\n    # print error to STDERR\n    echo \"error: The sandbox is not in sync with the Podfile.lock. Run 'pod install' or update your CocoaPods installation.\" >&2\n    exit 1\nfi\n# This output is used by Xcode 'outputs' to avoid re-running this script phase.\necho \"SUCCESS\" > \"${SCRIPT_OUTPUT_FILE_0}\"\n";
			showEnvVarsInLog = 0;
		};
		6B3A945C96509B91EA186DA7 /* [CP] Embed Pods Frameworks */ = {
			isa = PBXShellScriptBuildPhase;
			buildActionMask = 2147483647;
			files = (
			);
			inputFileListPaths = (
				"${PODS_ROOT}/Target Support Files/Pods-Kavindu-COBSCCOMP18P-023/Pods-Kavindu-COBSCCOMP18P-023-frameworks-${CONFIGURATION}-input-files.xcfilelist",
			);
			name = "[CP] Embed Pods Frameworks";
			outputFileListPaths = (
				"${PODS_ROOT}/Target Support Files/Pods-Kavindu-COBSCCOMP18P-023/Pods-Kavindu-COBSCCOMP18P-023-frameworks-${CONFIGURATION}-output-files.xcfilelist",
			);
			runOnlyForDeploymentPostprocessing = 0;
			shellPath = /bin/sh;
			shellScript = "\"${PODS_ROOT}/Target Support Files/Pods-Kavindu-COBSCCOMP18P-023/Pods-Kavindu-COBSCCOMP18P-023-frameworks.sh\"\n";
			showEnvVarsInLog = 0;
		};
/* End PBXShellScriptBuildPhase section */

/* Begin PBXSourcesBuildPhase section */
		F4C7480D23E96ED200345358 /* Sources */ = {
			isa = PBXSourcesBuildPhase;
			buildActionMask = 2147483647;
			files = (
				F4C7481723E96ED200345358 /* ViewController.swift in Sources */,
				F4B1956723EBB4F900D75DB9 /* AddEventViewController.swift in Sources */,
				F4F686C123F0348100A58307 /* Common.swift in Sources */,
				F4B1955A23E9D83700D75DB9 /* LoginController.swift in Sources */,
				F4B1957023EC09DC00D75DB9 /* AddEventDetailViewController.swift in Sources */,
				F4F686BA23EEB28D00A58307 /* Event.swift in Sources */,
				F4B1956023E9FC9300D75DB9 /* MainTabController.swift in Sources */,
				F4C7481523E96ED200345358 /* AppDelegate.swift in Sources */,
				F4B1956523EBB4EB00D75DB9 /* ProfileViewController.swift in Sources */,
				F4F686BF23F00EC300A58307 /* User.swift in Sources */,
				F4F686BD23F0087400A58307 /* Alert.swift in Sources */,
				F4B1955E23E9EE2100D75DB9 /* SignUpController.swift in Sources */,
				F4B1956323EBB4D800D75DB9 /* HomeViewController.swift in Sources */,
			);
			runOnlyForDeploymentPostprocessing = 0;
		};
		F4C7482123E96ED300345358 /* Sources */ = {
			isa = PBXSourcesBuildPhase;
			buildActionMask = 2147483647;
			files = (
				F4C7482A23E96ED300345358 /* Kavindu_COBSCCOMP18P_023Tests.swift in Sources */,
			);
			runOnlyForDeploymentPostprocessing = 0;
		};
		F4C7482C23E96ED300345358 /* Sources */ = {
			isa = PBXSourcesBuildPhase;
			buildActionMask = 2147483647;
			files = (
				F4C7483523E96ED300345358 /* Kavindu_COBSCCOMP18P_023UITests.swift in Sources */,
			);
			runOnlyForDeploymentPostprocessing = 0;
		};
/* End PBXSourcesBuildPhase section */

/* Begin PBXTargetDependency section */
		F4C7482723E96ED300345358 /* PBXTargetDependency */ = {
			isa = PBXTargetDependency;
			target = F4C7481023E96ED200345358 /* Kavindu-COBSCCOMP18P-023 */;
			targetProxy = F4C7482623E96ED300345358 /* PBXContainerItemProxy */;
		};
		F4C7483223E96ED300345358 /* PBXTargetDependency */ = {
			isa = PBXTargetDependency;
			target = F4C7481023E96ED200345358 /* Kavindu-COBSCCOMP18P-023 */;
			targetProxy = F4C7483123E96ED300345358 /* PBXContainerItemProxy */;
		};
/* End PBXTargetDependency section */

/* Begin PBXVariantGroup section */
		F4C7481823E96ED200345358 /* Main.storyboard */ = {
			isa = PBXVariantGroup;
			children = (
				F4C7481923E96ED200345358 /* Base */,
			);
			name = Main.storyboard;
			sourceTree = "<group>";
		};
		F4C7481D23E96ED200345358 /* LaunchScreen.storyboard */ = {
			isa = PBXVariantGroup;
			children = (
				F4C7481E23E96ED200345358 /* Base */,
			);
			name = LaunchScreen.storyboard;
			sourceTree = "<group>";
		};
/* End PBXVariantGroup section */

/* Begin XCBuildConfiguration section */
		F4C7483723E96ED300345358 /* Debug */ = {
			isa = XCBuildConfiguration;
			buildSettings = {
				ALWAYS_SEARCH_USER_PATHS = NO;
				CLANG_ANALYZER_NONNULL = YES;
				CLANG_ANALYZER_NUMBER_OBJECT_CONVERSION = YES_AGGRESSIVE;
				CLANG_CXX_LANGUAGE_STANDARD = "gnu++14";
				CLANG_CXX_LIBRARY = "libc++";
				CLANG_ENABLE_MODULES = YES;
				CLANG_ENABLE_OBJC_ARC = YES;
				CLANG_ENABLE_OBJC_WEAK = YES;
				CLANG_WARN_BLOCK_CAPTURE_AUTORELEASING = YES;
				CLANG_WARN_BOOL_CONVERSION = YES;
				CLANG_WARN_COMMA = YES;
				CLANG_WARN_CONSTANT_CONVERSION = YES;
				CLANG_WARN_DEPRECATED_OBJC_IMPLEMENTATIONS = YES;
				CLANG_WARN_DIRECT_OBJC_ISA_USAGE = YES_ERROR;
				CLANG_WARN_DOCUMENTATION_COMMENTS = YES;
				CLANG_WARN_EMPTY_BODY = YES;
				CLANG_WARN_ENUM_CONVERSION = YES;
				CLANG_WARN_INFINITE_RECURSION = YES;
				CLANG_WARN_INT_CONVERSION = YES;
				CLANG_WARN_NON_LITERAL_NULL_CONVERSION = YES;
				CLANG_WARN_OBJC_IMPLICIT_RETAIN_SELF = YES;
				CLANG_WARN_OBJC_LITERAL_CONVERSION = YES;
				CLANG_WARN_OBJC_ROOT_CLASS = YES_ERROR;
				CLANG_WARN_RANGE_LOOP_ANALYSIS = YES;
				CLANG_WARN_STRICT_PROTOTYPES = YES;
				CLANG_WARN_SUSPICIOUS_MOVE = YES;
				CLANG_WARN_UNGUARDED_AVAILABILITY = YES_AGGRESSIVE;
				CLANG_WARN_UNREACHABLE_CODE = YES;
				CLANG_WARN__DUPLICATE_METHOD_MATCH = YES;
				CODE_SIGN_IDENTITY = "iPhone Developer";
				COPY_PHASE_STRIP = NO;
				DEBUG_INFORMATION_FORMAT = dwarf;
				ENABLE_STRICT_OBJC_MSGSEND = YES;
				ENABLE_TESTABILITY = YES;
				GCC_C_LANGUAGE_STANDARD = gnu11;
				GCC_DYNAMIC_NO_PIC = NO;
				GCC_NO_COMMON_BLOCKS = YES;
				GCC_OPTIMIZATION_LEVEL = 0;
				GCC_PREPROCESSOR_DEFINITIONS = (
					"DEBUG=1",
					"$(inherited)",
				);
				GCC_WARN_64_TO_32_BIT_CONVERSION = YES;
				GCC_WARN_ABOUT_RETURN_TYPE = YES_ERROR;
				GCC_WARN_UNDECLARED_SELECTOR = YES;
				GCC_WARN_UNINITIALIZED_AUTOS = YES_AGGRESSIVE;
				GCC_WARN_UNUSED_FUNCTION = YES;
				GCC_WARN_UNUSED_VARIABLE = YES;
				IPHONEOS_DEPLOYMENT_TARGET = 12.4;
				MTL_ENABLE_DEBUG_INFO = INCLUDE_SOURCE;
				MTL_FAST_MATH = YES;
				ONLY_ACTIVE_ARCH = YES;
				SDKROOT = iphoneos;
				SWIFT_ACTIVE_COMPILATION_CONDITIONS = DEBUG;
				SWIFT_OPTIMIZATION_LEVEL = "-Onone";
			};
			name = Debug;
		};
		F4C7483823E96ED300345358 /* Release */ = {
			isa = XCBuildConfiguration;
			buildSettings = {
				ALWAYS_SEARCH_USER_PATHS = NO;
				CLANG_ANALYZER_NONNULL = YES;
				CLANG_ANALYZER_NUMBER_OBJECT_CONVERSION = YES_AGGRESSIVE;
				CLANG_CXX_LANGUAGE_STANDARD = "gnu++14";
				CLANG_CXX_LIBRARY = "libc++";
				CLANG_ENABLE_MODULES = YES;
				CLANG_ENABLE_OBJC_ARC = YES;
				CLANG_ENABLE_OBJC_WEAK = YES;
				CLANG_WARN_BLOCK_CAPTURE_AUTORELEASING = YES;
				CLANG_WARN_BOOL_CONVERSION = YES;
				CLANG_WARN_COMMA = YES;
				CLANG_WARN_CONSTANT_CONVERSION = YES;
				CLANG_WARN_DEPRECATED_OBJC_IMPLEMENTATIONS = YES;
				CLANG_WARN_DIRECT_OBJC_ISA_USAGE = YES_ERROR;
				CLANG_WARN_DOCUMENTATION_COMMENTS = YES;
				CLANG_WARN_EMPTY_BODY = YES;
				CLANG_WARN_ENUM_CONVERSION = YES;
				CLANG_WARN_INFINITE_RECURSION = YES;
				CLANG_WARN_INT_CONVERSION = YES;
				CLANG_WARN_NON_LITERAL_NULL_CONVERSION = YES;
				CLANG_WARN_OBJC_IMPLICIT_RETAIN_SELF = YES;
				CLANG_WARN_OBJC_LITERAL_CONVERSION = YES;
				CLANG_WARN_OBJC_ROOT_CLASS = YES_ERROR;
				CLANG_WARN_RANGE_LOOP_ANALYSIS = YES;
				CLANG_WARN_STRICT_PROTOTYPES = YES;
				CLANG_WARN_SUSPICIOUS_MOVE = YES;
				CLANG_WARN_UNGUARDED_AVAILABILITY = YES_AGGRESSIVE;
				CLANG_WARN_UNREACHABLE_CODE = YES;
				CLANG_WARN__DUPLICATE_METHOD_MATCH = YES;
				CODE_SIGN_IDENTITY = "iPhone Developer";
				COPY_PHASE_STRIP = NO;
				DEBUG_INFORMATION_FORMAT = "dwarf-with-dsym";
				ENABLE_NS_ASSERTIONS = NO;
				ENABLE_STRICT_OBJC_MSGSEND = YES;
				GCC_C_LANGUAGE_STANDARD = gnu11;
				GCC_NO_COMMON_BLOCKS = YES;
				GCC_WARN_64_TO_32_BIT_CONVERSION = YES;
				GCC_WARN_ABOUT_RETURN_TYPE = YES_ERROR;
				GCC_WARN_UNDECLARED_SELECTOR = YES;
				GCC_WARN_UNINITIALIZED_AUTOS = YES_AGGRESSIVE;
				GCC_WARN_UNUSED_FUNCTION = YES;
				GCC_WARN_UNUSED_VARIABLE = YES;
				IPHONEOS_DEPLOYMENT_TARGET = 12.4;
				MTL_ENABLE_DEBUG_INFO = NO;
				MTL_FAST_MATH = YES;
				SDKROOT = iphoneos;
				SWIFT_COMPILATION_MODE = wholemodule;
				SWIFT_OPTIMIZATION_LEVEL = "-O";
				VALIDATE_PRODUCT = YES;
			};
			name = Release;
		};
		F4C7483A23E96ED300345358 /* Debug */ = {
			isa = XCBuildConfiguration;
			baseConfigurationReference = E0E8D65F38BBE880CAB496CB /* Pods-Kavindu-COBSCCOMP18P-023.debug.xcconfig */;
			buildSettings = {
				ASSETCATALOG_COMPILER_APPICON_NAME = AppIcon;
				CODE_SIGN_STYLE = Automatic;
				DEVELOPMENT_TEAM = 5U6C6VD933;
				INFOPLIST_FILE = "Kavindu-COBSCCOMP18P-023/Info.plist";
				LD_RUNPATH_SEARCH_PATHS = (
					"$(inherited)",
					"@executable_path/Frameworks",
				);
				PRODUCT_BUNDLE_IDENTIFIER = "com.yts.Kavindu-COBSCCOMP18P-023";
				PRODUCT_NAME = "$(TARGET_NAME)";
				SWIFT_VERSION = 5.0;
				TARGETED_DEVICE_FAMILY = "1,2";
			};
			name = Debug;
		};
		F4C7483B23E96ED300345358 /* Release */ = {
			isa = XCBuildConfiguration;
			baseConfigurationReference = 1ED941C760765FA8DBAA2C40 /* Pods-Kavindu-COBSCCOMP18P-023.release.xcconfig */;
			buildSettings = {
				ASSETCATALOG_COMPILER_APPICON_NAME = AppIcon;
				CODE_SIGN_STYLE = Automatic;
				DEVELOPMENT_TEAM = 5U6C6VD933;
				INFOPLIST_FILE = "Kavindu-COBSCCOMP18P-023/Info.plist";
				LD_RUNPATH_SEARCH_PATHS = (
					"$(inherited)",
					"@executable_path/Frameworks",
				);
				PRODUCT_BUNDLE_IDENTIFIER = "com.yts.Kavindu-COBSCCOMP18P-023";
				PRODUCT_NAME = "$(TARGET_NAME)";
				SWIFT_VERSION = 5.0;
				TARGETED_DEVICE_FAMILY = "1,2";
			};
			name = Release;
		};
		F4C7483D23E96ED300345358 /* Debug */ = {
			isa = XCBuildConfiguration;
			baseConfigurationReference = F999BD5A0DAB52A629B19236 /* Pods-Kavindu-COBSCCOMP18P-023Tests.debug.xcconfig */;
			buildSettings = {
				ALWAYS_EMBED_SWIFT_STANDARD_LIBRARIES = YES;
				BUNDLE_LOADER = "$(TEST_HOST)";
				CODE_SIGN_STYLE = Automatic;
				DEVELOPMENT_TEAM = 5U6C6VD933;
				INFOPLIST_FILE = "Kavindu-COBSCCOMP18P-023Tests/Info.plist";
				LD_RUNPATH_SEARCH_PATHS = (
					"$(inherited)",
					"@executable_path/Frameworks",
					"@loader_path/Frameworks",
				);
				PRODUCT_BUNDLE_IDENTIFIER = "com.yts.Kavindu-COBSCCOMP18P-023Tests";
				PRODUCT_NAME = "$(TARGET_NAME)";
				SWIFT_VERSION = 5.0;
				TARGETED_DEVICE_FAMILY = "1,2";
				TEST_HOST = "$(BUILT_PRODUCTS_DIR)/Kavindu-COBSCCOMP18P-023.app/Kavindu-COBSCCOMP18P-023";
			};
			name = Debug;
		};
		F4C7483E23E96ED300345358 /* Release */ = {
			isa = XCBuildConfiguration;
			baseConfigurationReference = C6BA4198ED06D4727CB72E7A /* Pods-Kavindu-COBSCCOMP18P-023Tests.release.xcconfig */;
			buildSettings = {
				ALWAYS_EMBED_SWIFT_STANDARD_LIBRARIES = YES;
				BUNDLE_LOADER = "$(TEST_HOST)";
				CODE_SIGN_STYLE = Automatic;
				DEVELOPMENT_TEAM = 5U6C6VD933;
				INFOPLIST_FILE = "Kavindu-COBSCCOMP18P-023Tests/Info.plist";
				LD_RUNPATH_SEARCH_PATHS = (
					"$(inherited)",
					"@executable_path/Frameworks",
					"@loader_path/Frameworks",
				);
				PRODUCT_BUNDLE_IDENTIFIER = "com.yts.Kavindu-COBSCCOMP18P-023Tests";
				PRODUCT_NAME = "$(TARGET_NAME)";
				SWIFT_VERSION = 5.0;
				TARGETED_DEVICE_FAMILY = "1,2";
				TEST_HOST = "$(BUILT_PRODUCTS_DIR)/Kavindu-COBSCCOMP18P-023.app/Kavindu-COBSCCOMP18P-023";
			};
			name = Release;
		};
		F4C7484023E96ED300345358 /* Debug */ = {
			isa = XCBuildConfiguration;
			baseConfigurationReference = FA31FB2BFA4B4BD607D13AF9 /* Pods-Kavindu-COBSCCOMP18P-023-Kavindu-COBSCCOMP18P-023UITests.debug.xcconfig */;
			buildSettings = {
				ALWAYS_EMBED_SWIFT_STANDARD_LIBRARIES = YES;
				CODE_SIGN_STYLE = Automatic;
				DEVELOPMENT_TEAM = 5U6C6VD933;
				INFOPLIST_FILE = "Kavindu-COBSCCOMP18P-023UITests/Info.plist";
				LD_RUNPATH_SEARCH_PATHS = (
					"$(inherited)",
					"@executable_path/Frameworks",
					"@loader_path/Frameworks",
				);
				PRODUCT_BUNDLE_IDENTIFIER = "com.yts.Kavindu-COBSCCOMP18P-023UITests";
				PRODUCT_NAME = "$(TARGET_NAME)";
				SWIFT_VERSION = 5.0;
				TARGETED_DEVICE_FAMILY = "1,2";
				TEST_TARGET_NAME = "Kavindu-COBSCCOMP18P-023";
			};
			name = Debug;
		};
		F4C7484123E96ED300345358 /* Release */ = {
			isa = XCBuildConfiguration;
			baseConfigurationReference = 0404677AAD057B455B880B96 /* Pods-Kavindu-COBSCCOMP18P-023-Kavindu-COBSCCOMP18P-023UITests.release.xcconfig */;
			buildSettings = {
				ALWAYS_EMBED_SWIFT_STANDARD_LIBRARIES = YES;
				CODE_SIGN_STYLE = Automatic;
				DEVELOPMENT_TEAM = 5U6C6VD933;
				INFOPLIST_FILE = "Kavindu-COBSCCOMP18P-023UITests/Info.plist";
				LD_RUNPATH_SEARCH_PATHS = (
					"$(inherited)",
					"@executable_path/Frameworks",
					"@loader_path/Frameworks",
				);
				PRODUCT_BUNDLE_IDENTIFIER = "com.yts.Kavindu-COBSCCOMP18P-023UITests";
				PRODUCT_NAME = "$(TARGET_NAME)";
				SWIFT_VERSION = 5.0;
				TARGETED_DEVICE_FAMILY = "1,2";
				TEST_TARGET_NAME = "Kavindu-COBSCCOMP18P-023";
			};
			name = Release;
		};
/* End XCBuildConfiguration section */

/* Begin XCConfigurationList section */
		F4C7480C23E96ED200345358 /* Build configuration list for PBXProject "Kavindu-COBSCCOMP18P-023" */ = {
			isa = XCConfigurationList;
			buildConfigurations = (
				F4C7483723E96ED300345358 /* Debug */,
				F4C7483823E96ED300345358 /* Release */,
			);
			defaultConfigurationIsVisible = 0;
			defaultConfigurationName = Release;
		};
		F4C7483923E96ED300345358 /* Build configuration list for PBXNativeTarget "Kavindu-COBSCCOMP18P-023" */ = {
			isa = XCConfigurationList;
			buildConfigurations = (
				F4C7483A23E96ED300345358 /* Debug */,
				F4C7483B23E96ED300345358 /* Release */,
			);
			defaultConfigurationIsVisible = 0;
			defaultConfigurationName = Release;
		};
		F4C7483C23E96ED300345358 /* Build configuration list for PBXNativeTarget "Kavindu-COBSCCOMP18P-023Tests" */ = {
			isa = XCConfigurationList;
			buildConfigurations = (
				F4C7483D23E96ED300345358 /* Debug */,
				F4C7483E23E96ED300345358 /* Release */,
			);
			defaultConfigurationIsVisible = 0;
			defaultConfigurationName = Release;
		};
		F4C7483F23E96ED300345358 /* Build configuration list for PBXNativeTarget "Kavindu-COBSCCOMP18P-023UITests" */ = {
			isa = XCConfigurationList;
			buildConfigurations = (
				F4C7484023E96ED300345358 /* Debug */,
				F4C7484123E96ED300345358 /* Release */,
			);
			defaultConfigurationIsVisible = 0;
			defaultConfigurationName = Release;
		};
/* End XCConfigurationList section */
	};
	rootObject = F4C7480923E96ED200345358 /* Project object */;
}
